
Microsoft Visual Studio Solution File, Format Version 12.00
# Visual Studio 2013
Project("{FAE04EC0-301F-11D3-BF4B-00C04F79EFBC}") = "GUI2FullPrototype", "GUI2FullPrototype\GUI2FullPrototype.csproj", "{F3F632F2-192C-4744-9A00-253ECC02C73E}"
EndProject
Project("{FAE04EC0-301F-11D3-BF4B-00C04F79EFBC}") = "GUI2FullPrototypeScreens", "GUI2FullPrototype\GUI2FullPrototypeScreens\GUI2FullPrototypeScreens.csproj", "{0E20E2C9-6350-4FCE-9C7E-41E61FC60DC4}"
EndProject
Global
	GlobalSection(SolutionConfigurationPlatforms) = preSolution
		Debug|Any CPU = Debug|Any CPU
		Release|Any CPU = Release|Any CPU
	EndGlobalSection
	GlobalSection(ProjectConfigurationPlatforms) = postSolution
		{0E20E2C9-6350-4FCE-9C7E-41E61FC60DC4}.Debug|Any CPU.ActiveCfg = Debug|Any CPU
		{0E20E2C9-6350-4FCE-9C7E-41E61FC60DC4}.Debug|Any CPU.Build.0 = Debug|Any CPU
		{0E20E2C9-6350-4FCE-9C7E-41E61FC60DC4}.Release|Any CPU.ActiveCfg = Release|Any CPU
		{0E20E2C9-6350-4FCE-9C7E-41E61FC60DC4}.Release|Any CPU.Build.0 = Release|Any CPU
		{F3F632F2-192C-4744-9A00-253ECC02C73E}.Debug|Any CPU.ActiveCfg = Debug|Any CPU
		{F3F632F2-192C-4744-9A00-253ECC02C73E}.Debug|Any CPU.Build.0 = Debug|Any CPU
		{F3F632F2-192C-4744-9A00-253ECC02C73E}.Release|Any CPU.ActiveCfg = Release|Any CPU
		{F3F632F2-192C-4744-9A00-253ECC02C73E}.Release|Any CPU.Build.0 = Release|Any CPU
	EndGlobalSection
EndGlobal
